
Microsoft Visual Studio Solution File, Format Version 12.00
# Visual Studio Version 17
VisualStudioVersion = 17.10.35027.167
MinimumVisualStudioVersion = 10.0.40219.1
Project("{9A19103F-16F7-4668-BE54-9A1E7A4F7556}") = "JsonAppliction", "JsonAppliction\JsonAppliction.csproj", "{4ED8E962-04F1-4FE8-BBC6-F954D4A0B575}"
EndProject
Project("{9A19103F-16F7-4668-BE54-9A1E7A4F7556}") = "CrudUsingModalPopup", "CrudUsingModalPopup\CrudUsingModalPopup.csproj", "{90CEF9C9-42B1-4D86-BB0A-654E737C30E3}"
EndProject
Project("{9A19103F-16F7-4668-BE54-9A1E7A4F7556}") = "StoreprocedureCrudUsingSeparateConsting", "StoreprocedureCrudUsingSeparateConsting\StoreprocedureCrudUsingSeparateConsting.csproj", "{D80CA8C0-6B48-47DB-8102-FF2901CB685F}"
EndProject
Project("{9A19103F-16F7-4668-BE54-9A1E7A4F7556}") = "CrudOperationUsionPartialView", "CrudOperationUsionPartialView\CrudOperationUsionPartialView.csproj", "{F9B6B538-8B82-4DC8-A83B-F87A85D8038A}"
EndProject
Project("{9A19103F-16F7-4668-BE54-9A1E7A4F7556}") = "DropDownlistPartialView", "DropDownlistPartialView\DropDownlistPartialView.csproj", "{822ADA2E-4DAC-477B-86D7-79EAD4977B6B}"
EndProject
Project("{9A19103F-16F7-4668-BE54-9A1E7A4F7556}") = "CrudOperationUsingDapper", "CrudOperationUsingDapper\CrudOperationUsingDapper.csproj", "{D3BCFB04-A992-4C13-8091-390BC2F5F67A}"
EndProject
Project("{FAE04EC0-301F-11D3-BF4B-00C04F79EFBC}") = "BlazorWASAProgressive", "BlazorWASAProgressive\BlazorWASAProgressive.csproj", "{C4C95445-1170-47FA-8C8A-DD7CF98D4DDC}"
EndProject
Global
	GlobalSection(SolutionConfigurationPlatforms) = preSolution
		Debug|Any CPU = Debug|Any CPU
		Release|Any CPU = Release|Any CPU
	EndGlobalSection
	GlobalSection(ProjectConfigurationPlatforms) = postSolution
		{4ED8E962-04F1-4FE8-BBC6-F954D4A0B575}.Debug|Any CPU.ActiveCfg = Debug|Any CPU
		{4ED8E962-04F1-4FE8-BBC6-F954D4A0B575}.Debug|Any CPU.Build.0 = Debug|Any CPU
		{4ED8E962-04F1-4FE8-BBC6-F954D4A0B575}.Release|Any CPU.ActiveCfg = Release|Any CPU
		{4ED8E962-04F1-4FE8-BBC6-F954D4A0B575}.Release|Any CPU.Build.0 = Release|Any CPU
		{90CEF9C9-42B1-4D86-BB0A-654E737C30E3}.Debug|Any CPU.ActiveCfg = Debug|Any CPU
		{90CEF9C9-42B1-4D86-BB0A-654E737C30E3}.Debug|Any CPU.Build.0 = Debug|Any CPU
		{90CEF9C9-42B1-4D86-BB0A-654E737C30E3}.Release|Any CPU.ActiveCfg = Release|Any CPU
		{90CEF9C9-42B1-4D86-BB0A-654E737C30E3}.Release|Any CPU.Build.0 = Release|Any CPU
		{D80CA8C0-6B48-47DB-8102-FF2901CB685F}.Debug|Any CPU.ActiveCfg = Debug|Any CPU
		{D80CA8C0-6B48-47DB-8102-FF2901CB685F}.Debug|Any CPU.Build.0 = Debug|Any CPU
		{D80CA8C0-6B48-47DB-8102-FF2901CB685F}.Release|Any CPU.ActiveCfg = Release|Any CPU
		{D80CA8C0-6B48-47DB-8102-FF2901CB685F}.Release|Any CPU.Build.0 = Release|Any CPU
		{F9B6B538-8B82-4DC8-A83B-F87A85D8038A}.Debug|Any CPU.ActiveCfg = Debug|Any CPU
		{F9B6B538-8B82-4DC8-A83B-F87A85D8038A}.Debug|Any CPU.Build.0 = Debug|Any CPU
		{F9B6B538-8B82-4DC8-A83B-F87A85D8038A}.Release|Any CPU.ActiveCfg = Release|Any CPU
		{F9B6B538-8B82-4DC8-A83B-F87A85D8038A}.Release|Any CPU.Build.0 = Release|Any CPU
		{822ADA2E-4DAC-477B-86D7-79EAD4977B6B}.Debug|Any CPU.ActiveCfg = Debug|Any CPU
		{822ADA2E-4DAC-477B-86D7-79EAD4977B6B}.Debug|Any CPU.Build.0 = Debug|Any CPU
		{822ADA2E-4DAC-477B-86D7-79EAD4977B6B}.Release|Any CPU.ActiveCfg = Release|Any CPU
		{822ADA2E-4DAC-477B-86D7-79EAD4977B6B}.Release|Any CPU.Build.0 = Release|Any CPU
		{D3BCFB04-A992-4C13-8091-390BC2F5F67A}.Debug|Any CPU.ActiveCfg = Debug|Any CPU
		{D3BCFB04-A992-4C13-8091-390BC2F5F67A}.Debug|Any CPU.Build.0 = Debug|Any CPU
		{D3BCFB04-A992-4C13-8091-390BC2F5F67A}.Release|Any CPU.ActiveCfg = Release|Any CPU
		{D3BCFB04-A992-4C13-8091-390BC2F5F67A}.Release|Any CPU.Build.0 = Release|Any CPU
		{C4C95445-1170-47FA-8C8A-DD7CF98D4DDC}.Debug|Any CPU.ActiveCfg = Debug|Any CPU
		{C4C95445-1170-47FA-8C8A-DD7CF98D4DDC}.Debug|Any CPU.Build.0 = Debug|Any CPU
		{C4C95445-1170-47FA-8C8A-DD7CF98D4DDC}.Release|Any CPU.ActiveCfg = Release|Any CPU
		{C4C95445-1170-47FA-8C8A-DD7CF98D4DDC}.Release|Any CPU.Build.0 = Release|Any CPU
	EndGlobalSection
	GlobalSection(SolutionProperties) = preSolution
		HideSolutionNode = FALSE
	EndGlobalSection
	GlobalSection(ExtensibilityGlobals) = postSolution
		SolutionGuid = {F6FB993A-ED35-41C9-BA9C-38A92305FB0F}
	EndGlobalSection
EndGlobal
